
Microsoft Visual Studio Solution File, Format Version 12.00
# Visual Studio 2013
VisualStudioVersion = 12.0.0.0
MinimumVisualStudioVersion = 10.0.0.1
Project("{FAE04EC0-301F-11D3-BF4B-00C04F79EFBC}") = "ReactiveExtensionsMixins", "ReactiveExtensionsMixins/ReactiveExtensionsMixins.csproj", "{7D7818DF-DF0B-4857-8DEC-C48D90B02A2E}"
EndProject
Project("{FAE04EC0-301F-11D3-BF4B-00C04F79EFBC}") = "Tests", "Tests\Tests.csproj", "{CCD4022C-5D44-481D-B9FF-665292F213AD}"
EndProject
Global
	GlobalSection(SolutionConfigurationPlatforms) = preSolution
		Debug|Any CPU = Debug|Any CPU
		Release|Any CPU = Release|Any CPU
	EndGlobalSection
	GlobalSection(ProjectConfigurationPlatforms) = postSolution
		{7D7818DF-DF0B-4857-8DEC-C48D90B02A2E}.Debug|Any CPU.ActiveCfg = Debug|Any CPU
		{7D7818DF-DF0B-4857-8DEC-C48D90B02A2E}.Debug|Any CPU.Build.0 = Debug|Any CPU
		{7D7818DF-DF0B-4857-8DEC-C48D90B02A2E}.Release|Any CPU.ActiveCfg = Release|Any CPU
		{7D7818DF-DF0B-4857-8DEC-C48D90B02A2E}.Release|Any CPU.Build.0 = Release|Any CPU
		{CCD4022C-5D44-481D-B9FF-665292F213AD}.Debug|Any CPU.ActiveCfg = Debug|Any CPU
		{CCD4022C-5D44-481D-B9FF-665292F213AD}.Debug|Any CPU.Build.0 = Debug|Any CPU
		{CCD4022C-5D44-481D-B9FF-665292F213AD}.Release|Any CPU.ActiveCfg = Release|Any CPU
		{CCD4022C-5D44-481D-B9FF-665292F213AD}.Release|Any CPU.Build.0 = Release|Any CPU
	EndGlobalSection
	GlobalSection(SolutionProperties) = preSolution
		HideSolutionNode = FALSE
	EndGlobalSection
EndGlobal
